
Microsoft Visual Studio Solution File, Format Version 12.00
# Visual Studio Express 2013 for Web
VisualStudioVersion = 12.0.21005.1
MinimumVisualStudioVersion = 10.0.40219.1
Project("{FAE04EC0-301F-11D3-BF4B-00C04F79EFBC}") = "CloudAscue.Mocks", "CloudAscue.Mocks\CloudAscue.Mocks.csproj", "{4882B95A-9D04-4A6B-B8B1-0824F76B6532}"
EndProject
Project("{FAE04EC0-301F-11D3-BF4B-00C04F79EFBC}") = "CloudAskue.BusinessLogic", "CloudAskue.BusinessLogic\CloudAskue.BusinessLogic.csproj", "{A7A44564-16EC-48C5-B08F-E45F1D9232A4}"
EndProject
Project("{FAE04EC0-301F-11D3-BF4B-00C04F79EFBC}") = "CloudAskue.BusinessLogic.Contracts", "CloudAskue.BusinessLogic.Contracts\CloudAskue.BusinessLogic.Contracts.csproj", "{C6C0E513-E3A4-49DF-B66C-8CD9D63E8A6F}"
EndProject
Project("{FAE04EC0-301F-11D3-BF4B-00C04F79EFBC}") = "CloudAskue.DataProviders.Contracts", "CloudAskue.DataProviders.Contracts\CloudAskue.DataProviders.Contracts.csproj", "{6903FB7B-67F2-4095-8C25-C76B7E952769}"
EndProject
Project("{FAE04EC0-301F-11D3-BF4B-00C04F79EFBC}") = "CloudAskueApi", "CloudAskueApi\CloudAskueApi.csproj", "{452A8367-85E3-468F-B1BD-AD18B4687691}"
EndProject
Project("{2150E333-8FDC-42A3-9474-1A3956D46DE8}") = ".nuget", ".nuget", "{B8BE1463-77BC-46B6-BB9F-0EF5A8C6C883}"
	ProjectSection(SolutionItems) = preProject
		.nuget\NuGet.Config = .nuget\NuGet.Config
		.nuget\NuGet.exe = .nuget\NuGet.exe
		.nuget\NuGet.targets = .nuget\NuGet.targets
	EndProjectSection
EndProject
Project("{FAE04EC0-301F-11D3-BF4B-00C04F79EFBC}") = "CloudAskue.DataProviders", "CloudAskue.DataProviders\CloudAskue.DataProviders.csproj", "{F28A6B73-4408-4F77-96EC-50167B700AB2}"
EndProject
Project("{2150E333-8FDC-42A3-9474-1A3956D46DE8}") = "Tests", "Tests", "{97C9AE92-C3DF-43B5-9778-DBC9753990D2}"
EndProject
Project("{FAE04EC0-301F-11D3-BF4B-00C04F79EFBC}") = "DataProviders.Tests", "DataProviders.Tests\DataProviders.Tests.csproj", "{1A4A87CF-C325-4955-8851-6450AFC489EC}"
EndProject
Global
	GlobalSection(SolutionConfigurationPlatforms) = preSolution
		Debug|Any CPU = Debug|Any CPU
		Release|Any CPU = Release|Any CPU
	EndGlobalSection
	GlobalSection(ProjectConfigurationPlatforms) = postSolution
		{4882B95A-9D04-4A6B-B8B1-0824F76B6532}.Debug|Any CPU.ActiveCfg = Debug|Any CPU
		{4882B95A-9D04-4A6B-B8B1-0824F76B6532}.Debug|Any CPU.Build.0 = Debug|Any CPU
		{4882B95A-9D04-4A6B-B8B1-0824F76B6532}.Release|Any CPU.ActiveCfg = Release|Any CPU
		{4882B95A-9D04-4A6B-B8B1-0824F76B6532}.Release|Any CPU.Build.0 = Release|Any CPU
		{A7A44564-16EC-48C5-B08F-E45F1D9232A4}.Debug|Any CPU.ActiveCfg = Debug|Any CPU
		{A7A44564-16EC-48C5-B08F-E45F1D9232A4}.Debug|Any CPU.Build.0 = Debug|Any CPU
		{A7A44564-16EC-48C5-B08F-E45F1D9232A4}.Release|Any CPU.ActiveCfg = Release|Any CPU
		{A7A44564-16EC-48C5-B08F-E45F1D9232A4}.Release|Any CPU.Build.0 = Release|Any CPU
		{C6C0E513-E3A4-49DF-B66C-8CD9D63E8A6F}.Debug|Any CPU.ActiveCfg = Debug|Any CPU
		{C6C0E513-E3A4-49DF-B66C-8CD9D63E8A6F}.Debug|Any CPU.Build.0 = Debug|Any CPU
		{C6C0E513-E3A4-49DF-B66C-8CD9D63E8A6F}.Release|Any CPU.ActiveCfg = Release|Any CPU
		{C6C0E513-E3A4-49DF-B66C-8CD9D63E8A6F}.Release|Any CPU.Build.0 = Release|Any CPU
		{6903FB7B-67F2-4095-8C25-C76B7E952769}.Debug|Any CPU.ActiveCfg = Debug|Any CPU
		{6903FB7B-67F2-4095-8C25-C76B7E952769}.Debug|Any CPU.Build.0 = Debug|Any CPU
		{6903FB7B-67F2-4095-8C25-C76B7E952769}.Release|Any CPU.ActiveCfg = Release|Any CPU
		{6903FB7B-67F2-4095-8C25-C76B7E952769}.Release|Any CPU.Build.0 = Release|Any CPU
		{452A8367-85E3-468F-B1BD-AD18B4687691}.Debug|Any CPU.ActiveCfg = Debug|Any CPU
		{452A8367-85E3-468F-B1BD-AD18B4687691}.Debug|Any CPU.Build.0 = Debug|Any CPU
		{452A8367-85E3-468F-B1BD-AD18B4687691}.Release|Any CPU.ActiveCfg = Release|Any CPU
		{452A8367-85E3-468F-B1BD-AD18B4687691}.Release|Any CPU.Build.0 = Release|Any CPU
		{F28A6B73-4408-4F77-96EC-50167B700AB2}.Debug|Any CPU.ActiveCfg = Debug|Any CPU
		{F28A6B73-4408-4F77-96EC-50167B700AB2}.Debug|Any CPU.Build.0 = Debug|Any CPU
		{F28A6B73-4408-4F77-96EC-50167B700AB2}.Release|Any CPU.ActiveCfg = Release|Any CPU
		{F28A6B73-4408-4F77-96EC-50167B700AB2}.Release|Any CPU.Build.0 = Release|Any CPU
		{1A4A87CF-C325-4955-8851-6450AFC489EC}.Debug|Any CPU.ActiveCfg = Debug|Any CPU
		{1A4A87CF-C325-4955-8851-6450AFC489EC}.Debug|Any CPU.Build.0 = Debug|Any CPU
		{1A4A87CF-C325-4955-8851-6450AFC489EC}.Release|Any CPU.ActiveCfg = Release|Any CPU
		{1A4A87CF-C325-4955-8851-6450AFC489EC}.Release|Any CPU.Build.0 = Release|Any CPU
	EndGlobalSection
	GlobalSection(SolutionProperties) = preSolution
		HideSolutionNode = FALSE
	EndGlobalSection
	GlobalSection(NestedProjects) = preSolution
		{1A4A87CF-C325-4955-8851-6450AFC489EC} = {97C9AE92-C3DF-43B5-9778-DBC9753990D2}
	EndGlobalSection
EndGlobal
